// !$*UTF8*$!
{
	archiveVersion = 1;
	classes = {
	};
	objectVersion = 46;
	objects = {

/* Begin PBXBuildFile section */
		4363916CE309A3B71A4F82AF /* Pods_Recepcion_Mercancia.framework in Frameworks */ = {isa = PBXBuildFile; fileRef = 69842A6C5D23BD57D09152C1 /* Pods_Recepcion_Mercancia.framework */; };
		FA3F771F200CD0C500A118F7 /* SwiftyJSON.framework in Frameworks */ = {isa = PBXBuildFile; fileRef = FA3F771E200CD0C500A118F7 /* SwiftyJSON.framework */; };
		FA3F7721200CE40E00A118F7 /* tools.swift in Sources */ = {isa = PBXBuildFile; fileRef = FA3F7720200CE40D00A118F7 /* tools.swift */; };
		FA3F7723200D322400A118F7 /* EscogerProveedor.swift in Sources */ = {isa = PBXBuildFile; fileRef = FA3F7722200D322400A118F7 /* EscogerProveedor.swift */; };
		FA78679820079CBA00BB4D12 /* AppDelegate.swift in Sources */ = {isa = PBXBuildFile; fileRef = FA78679720079CBA00BB4D12 /* AppDelegate.swift */; };
		FA78679A20079CBA00BB4D12 /* ViewController.swift in Sources */ = {isa = PBXBuildFile; fileRef = FA78679920079CBA00BB4D12 /* ViewController.swift */; };
		FA78679D20079CBA00BB4D12 /* Main.storyboard in Resources */ = {isa = PBXBuildFile; fileRef = FA78679B20079CBA00BB4D12 /* Main.storyboard */; };
		FA78679F20079CBA00BB4D12 /* Assets.xcassets in Resources */ = {isa = PBXBuildFile; fileRef = FA78679E20079CBA00BB4D12 /* Assets.xcassets */; };
		FA7867A220079CBA00BB4D12 /* LaunchScreen.storyboard in Resources */ = {isa = PBXBuildFile; fileRef = FA7867A020079CBA00BB4D12 /* LaunchScreen.storyboard */; };
		FA7867AA20079DEA00BB4D12 /* Alamofire.framework in Frameworks */ = {isa = PBXBuildFile; fileRef = FA7867A920079DEA00BB4D12 /* Alamofire.framework */; };
		FAAE9D592013E88A00E11710 /* TecladoController.swift in Sources */ = {isa = PBXBuildFile; fileRef = FAAE9D582013E88A00E11710 /* TecladoController.swift */; };
		FAAE9D5B201A7F8900E11710 /* TotalizarController.swift in Sources */ = {isa = PBXBuildFile; fileRef = FAAE9D5A201A7F8800E11710 /* TotalizarController.swift */; };
		FAAE9D5D201A856A00E11710 /* ArticleCell.swift in Sources */ = {isa = PBXBuildFile; fileRef = FAAE9D5C201A856A00E11710 /* ArticleCell.swift */; };
		FADDF6722010D6C800D046C8 /* ArticuloController.swift in Sources */ = {isa = PBXBuildFile; fileRef = FADDF6712010D6C800D046C8 /* ArticuloController.swift */; };
		FADDF67C2010F78300D046C8 /* BarcodeScanner.framework in Frameworks */ = {isa = PBXBuildFile; fileRef = FADDF67B2010F78300D046C8 /* BarcodeScanner.framework */; };
/* End PBXBuildFile section */

/* Begin PBXFileReference section */
		69842A6C5D23BD57D09152C1 /* Pods_Recepcion_Mercancia.framework */ = {isa = PBXFileReference; explicitFileType = wrapper.framework; includeInIndex = 0; path = Pods_Recepcion_Mercancia.framework; sourceTree = BUILT_PRODUCTS_DIR; };
		9C0A0631D552C166D30CA10E /* Pods-Recepcion Mercancia.release.xcconfig */ = {isa = PBXFileReference; includeInIndex = 1; lastKnownFileType = text.xcconfig; name = "Pods-Recepcion Mercancia.release.xcconfig"; path = "Pods/Target Support Files/Pods-Recepcion Mercancia/Pods-Recepcion Mercancia.release.xcconfig"; sourceTree = "<group>"; };
		C6D8C7CFCCF490CA7106266C /* Pods-Recepcion Mercancia.debug.xcconfig */ = {isa = PBXFileReference; includeInIndex = 1; lastKnownFileType = text.xcconfig; name = "Pods-Recepcion Mercancia.debug.xcconfig"; path = "Pods/Target Support Files/Pods-Recepcion Mercancia/Pods-Recepcion Mercancia.debug.xcconfig"; sourceTree = "<group>"; };
		FA3F771E200CD0C500A118F7 /* SwiftyJSON.framework */ = {isa = PBXFileReference; lastKnownFileType = wrapper.framework; name = SwiftyJSON.framework; path = "../../Library/Developer/Xcode/DerivedData/Recepcion_Mercancia-bnulmgearkldtobsbxjybxwjiemy/Build/Products/Debug-iphoneos/SwiftyJSON/SwiftyJSON.framework"; sourceTree = "<group>"; };
		FA3F7720200CE40D00A118F7 /* tools.swift */ = {isa = PBXFileReference; fileEncoding = 4; lastKnownFileType = sourcecode.swift; path = tools.swift; sourceTree = "<group>"; };
		FA3F7722200D322400A118F7 /* EscogerProveedor.swift */ = {isa = PBXFileReference; fileEncoding = 4; lastKnownFileType = sourcecode.swift; name = EscogerProveedor.swift; path = ../EscogerProveedor.swift; sourceTree = "<group>"; };
		FA78679420079CBA00BB4D12 /* Recepcion Mercancia.app */ = {isa = PBXFileReference; explicitFileType = wrapper.application; includeInIndex = 0; path = "Recepcion Mercancia.app"; sourceTree = BUILT_PRODUCTS_DIR; };
		FA78679720079CBA00BB4D12 /* AppDelegate.swift */ = {isa = PBXFileReference; lastKnownFileType = sourcecode.swift; path = AppDelegate.swift; sourceTree = "<group>"; };
		FA78679920079CBA00BB4D12 /* ViewController.swift */ = {isa = PBXFileReference; lastKnownFileType = sourcecode.swift; path = ViewController.swift; sourceTree = "<group>"; };
		FA78679C20079CBA00BB4D12 /* Base */ = {isa = PBXFileReference; lastKnownFileType = file.storyboard; name = Base; path = Base.lproj/Main.storyboard; sourceTree = "<group>"; };
		FA78679E20079CBA00BB4D12 /* Assets.xcassets */ = {isa = PBXFileReference; lastKnownFileType = folder.assetcatalog; path = Assets.xcassets; sourceTree = "<group>"; };
		FA7867A120079CBA00BB4D12 /* Base */ = {isa = PBXFileReference; lastKnownFileType = file.storyboard; name = Base; path = Base.lproj/LaunchScreen.storyboard; sourceTree = "<group>"; };
		FA7867A320079CBA00BB4D12 /* Info.plist */ = {isa = PBXFileReference; lastKnownFileType = text.plist.xml; path = Info.plist; sourceTree = "<group>"; };
		FA7867A920079DEA00BB4D12 /* Alamofire.framework */ = {isa = PBXFileReference; lastKnownFileType = wrapper.framework; name = Alamofire.framework; path = "../../Library/Developer/Xcode/DerivedData/Recepcion_Mercancia-bnulmgearkldtobsbxjybxwjiemy/Build/Products/Debug-iphonesimulator/Alamofire/Alamofire.framework"; sourceTree = "<group>"; };
		FAAE9D582013E88A00E11710 /* TecladoController.swift */ = {isa = PBXFileReference; fileEncoding = 4; lastKnownFileType = sourcecode.swift; path = TecladoController.swift; sourceTree = "<group>"; };
		FAAE9D5A201A7F8800E11710 /* TotalizarController.swift */ = {isa = PBXFileReference; fileEncoding = 4; lastKnownFileType = sourcecode.swift; path = TotalizarController.swift; sourceTree = "<group>"; };
		FAAE9D5C201A856A00E11710 /* ArticleCell.swift */ = {isa = PBXFileReference; fileEncoding = 4; lastKnownFileType = sourcecode.swift; path = ArticleCell.swift; sourceTree = "<group>"; };
		FADDF6712010D6C800D046C8 /* ArticuloController.swift */ = {isa = PBXFileReference; fileEncoding = 4; lastKnownFileType = sourcecode.swift; path = ArticuloController.swift; sourceTree = "<group>"; };
		FADDF67B2010F78300D046C8 /* BarcodeScanner.framework */ = {isa = PBXFileReference; lastKnownFileType = wrapper.framework; name = BarcodeScanner.framework; path = "../../Library/Developer/Xcode/DerivedData/Recepcion_Mercancia-bnulmgearkldtobsbxjybxwjiemy/Build/Products/Debug-iphoneos/BarcodeScanner/BarcodeScanner.framework"; sourceTree = "<group>"; };
/* End PBXFileReference section */

/* Begin PBXFrameworksBuildPhase section */
		FA78679120079CBA00BB4D12 /* Frameworks */ = {
			isa = PBXFrameworksBuildPhase;
			buildActionMask = 2147483647;
			files = (
				FADDF67C2010F78300D046C8 /* BarcodeScanner.framework in Frameworks */,
				FA3F771F200CD0C500A118F7 /* SwiftyJSON.framework in Frameworks */,
				FA7867AA20079DEA00BB4D12 /* Alamofire.framework in Frameworks */,
				4363916CE309A3B71A4F82AF /* Pods_Recepcion_Mercancia.framework in Frameworks */,
			);
			runOnlyForDeploymentPostprocessing = 0;
		};
/* End PBXFrameworksBuildPhase section */

/* Begin PBXGroup section */
		17C9319178D32A085A319FB9 /* Frameworks */ = {
			isa = PBXGroup;
			children = (
				FADDF67B2010F78300D046C8 /* BarcodeScanner.framework */,
				FA3F771E200CD0C500A118F7 /* SwiftyJSON.framework */,
				FA7867A920079DEA00BB4D12 /* Alamofire.framework */,
				69842A6C5D23BD57D09152C1 /* Pods_Recepcion_Mercancia.framework */,
			);
			name = Frameworks;
			sourceTree = "<group>";
		};
		30217191D3B3F12F90B636F1 /* Pods */ = {
			isa = PBXGroup;
			children = (
				C6D8C7CFCCF490CA7106266C /* Pods-Recepcion Mercancia.debug.xcconfig */,
				9C0A0631D552C166D30CA10E /* Pods-Recepcion Mercancia.release.xcconfig */,
			);
			name = Pods;
			sourceTree = "<group>";
		};
		FA78678B20079CBA00BB4D12 = {
			isa = PBXGroup;
			children = (
				FA78679620079CBA00BB4D12 /* Recepcion Mercancia */,
				FA78679520079CBA00BB4D12 /* Products */,
				30217191D3B3F12F90B636F1 /* Pods */,
				17C9319178D32A085A319FB9 /* Frameworks */,
			);
			sourceTree = "<group>";
		};
		FA78679520079CBA00BB4D12 /* Products */ = {
			isa = PBXGroup;
			children = (
				FA78679420079CBA00BB4D12 /* Recepcion Mercancia.app */,
			);
			name = Products;
			sourceTree = "<group>";
		};
		FA78679620079CBA00BB4D12 /* Recepcion Mercancia */ = {
			isa = PBXGroup;
			children = (
				FADDF6702010D68200D046C8 /* controllers */,
				FA78679920079CBA00BB4D12 /* ViewController.swift */,
				FA78679720079CBA00BB4D12 /* AppDelegate.swift */,
				FA78679B20079CBA00BB4D12 /* Main.storyboard */,
				FA78679E20079CBA00BB4D12 /* Assets.xcassets */,
				FA7867A020079CBA00BB4D12 /* LaunchScreen.storyboard */,
				FA7867A320079CBA00BB4D12 /* Info.plist */,
				FA3F7720200CE40D00A118F7 /* tools.swift */,
				FAAE9D5C201A856A00E11710 /* ArticleCell.swift */,
			);
			path = "Recepcion Mercancia";
			sourceTree = "<group>";
		};
		FADDF6702010D68200D046C8 /* controllers */ = {
			isa = PBXGroup;
			children = (
				FA3F7722200D322400A118F7 /* EscogerProveedor.swift */,
				FADDF6712010D6C800D046C8 /* ArticuloController.swift */,
				FAAE9D582013E88A00E11710 /* TecladoController.swift */,
				FAAE9D5A201A7F8800E11710 /* TotalizarController.swift */,
			);
			name = controllers;
			sourceTree = "<group>";
		};
/* End PBXGroup section */

/* Begin PBXNativeTarget section */
		FA78679320079CBA00BB4D12 /* Recepcion Mercancia */ = {
			isa = PBXNativeTarget;
			buildConfigurationList = FA7867A620079CBA00BB4D12 /* Build configuration list for PBXNativeTarget "Recepcion Mercancia" */;
			buildPhases = (
				1BF7F30D7439D14FAD21D4CE /* [CP] Check Pods Manifest.lock */,
				FA78679020079CBA00BB4D12 /* Sources */,
				FA78679120079CBA00BB4D12 /* Frameworks */,
				FA78679220079CBA00BB4D12 /* Resources */,
				28094F10EB94C9C4F4BC06C1 /* [CP] Embed Pods Frameworks */,
				1A54AF0F5D77087C3382F232 /* [CP] Copy Pods Resources */,
			);
			buildRules = (
			);
			dependencies = (
			);
			name = "Recepcion Mercancia";
			productName = "Recepcion Mercancia";
			productReference = FA78679420079CBA00BB4D12 /* Recepcion Mercancia.app */;
			productType = "com.apple.product-type.application";
		};
/* End PBXNativeTarget section */

/* Begin PBXProject section */
		FA78678C20079CBA00BB4D12 /* Project object */ = {
			isa = PBXProject;
			attributes = {
				LastSwiftUpdateCheck = 0820;
				LastUpgradeCheck = 0820;
				ORGANIZATIONNAME = "Grupo Paseo";
				TargetAttributes = {
					FA78679320079CBA00BB4D12 = {
						CreatedOnToolsVersion = 8.2.1;
						DevelopmentTeam = 3FWNGW7RR4;
						ProvisioningStyle = Automatic;
					};
				};
			};
			buildConfigurationList = FA78678F20079CBA00BB4D12 /* Build configuration list for PBXProject "Recepcion Mercancia" */;
			compatibilityVersion = "Xcode 3.2";
			developmentRegion = English;
			hasScannedForEncodings = 0;
			knownRegions = (
				en,
				Base,
			);
			mainGroup = FA78678B20079CBA00BB4D12;
			productRefGroup = FA78679520079CBA00BB4D12 /* Products */;
			projectDirPath = "";
			projectRoot = "";
			targets = (
				FA78679320079CBA00BB4D12 /* Recepcion Mercancia */,
			);
		};
/* End PBXProject section */

/* Begin PBXResourcesBuildPhase section */
		FA78679220079CBA00BB4D12 /* Resources */ = {
			isa = PBXResourcesBuildPhase;
			buildActionMask = 2147483647;
			files = (
				FA7867A220079CBA00BB4D12 /* LaunchScreen.storyboard in Resources */,
				FA78679F20079CBA00BB4D12 /* Assets.xcassets in Resources */,
				FA78679D20079CBA00BB4D12 /* Main.storyboard in Resources */,
			);
			runOnlyForDeploymentPostprocessing = 0;
		};
/* End PBXResourcesBuildPhase section */

/* Begin PBXShellScriptBuildPhase section */
		1A54AF0F5D77087C3382F232 /* [CP] Copy Pods Resources */ = {
			isa = PBXShellScriptBuildPhase;
			buildActionMask = 2147483647;
			files = (
			);
			inputPaths = (
			);
			name = "[CP] Copy Pods Resources";
			outputPaths = (
			);
			runOnlyForDeploymentPostprocessing = 0;
			shellPath = /bin/sh;
			shellScript = "\"${SRCROOT}/Pods/Target Support Files/Pods-Recepcion Mercancia/Pods-Recepcion Mercancia-resources.sh\"\n";
			showEnvVarsInLog = 0;
		};
		1BF7F30D7439D14FAD21D4CE /* [CP] Check Pods Manifest.lock */ = {
			isa = PBXShellScriptBuildPhase;
			buildActionMask = 2147483647;
			files = (
			);
			inputPaths = (
				"${PODS_PODFILE_DIR_PATH}/Podfile.lock",
				"${PODS_ROOT}/Manifest.lock",
			);
			name = "[CP] Check Pods Manifest.lock";
			outputPaths = (
				"$(DERIVED_FILE_DIR)/Pods-Recepcion Mercancia-checkManifestLockResult.txt",
			);
			runOnlyForDeploymentPostprocessing = 0;
			shellPath = /bin/sh;
			shellScript = "diff \"${PODS_PODFILE_DIR_PATH}/Podfile.lock\" \"${PODS_ROOT}/Manifest.lock\" > /dev/null\nif [ $? != 0 ] ; then\n    # print error to STDERR\n    echo \"error: The sandbox is not in sync with the Podfile.lock. Run 'pod install' or update your CocoaPods installation.\" >&2\n    exit 1\nfi\n# This output is used by Xcode 'outputs' to avoid re-running this script phase.\necho \"SUCCESS\" > \"${SCRIPT_OUTPUT_FILE_0}\"\n";
			showEnvVarsInLog = 0;
		};
		28094F10EB94C9C4F4BC06C1 /* [CP] Embed Pods Frameworks */ = {
			isa = PBXShellScriptBuildPhase;
			buildActionMask = 2147483647;
			files = (
			);
			inputPaths = (
				"${SRCROOT}/Pods/Target Support Files/Pods-Recepcion Mercancia/Pods-Recepcion Mercancia-frameworks.sh",
				"${BUILT_PRODUCTS_DIR}/Alamofire/Alamofire.framework",
				"${BUILT_PRODUCTS_DIR}/BarcodeScanner/BarcodeScanner.framework",
				"${BUILT_PRODUCTS_DIR}/FontAwesome.swift/FontAwesome_swift.framework",
				"${BUILT_PRODUCTS_DIR}/SwiftyJSON/SwiftyJSON.framework",
			);
			name = "[CP] Embed Pods Frameworks";
			outputPaths = (
				"${TARGET_BUILD_DIR}/${FRAMEWORKS_FOLDER_PATH}/Alamofire.framework",
				"${TARGET_BUILD_DIR}/${FRAMEWORKS_FOLDER_PATH}/BarcodeScanner.framework",
				"${TARGET_BUILD_DIR}/${FRAMEWORKS_FOLDER_PATH}/FontAwesome_swift.framework",
				"${TARGET_BUILD_DIR}/${FRAMEWORKS_FOLDER_PATH}/SwiftyJSON.framework",
			);
			runOnlyForDeploymentPostprocessing = 0;
			shellPath = /bin/sh;
			shellScript = "\"${SRCROOT}/Pods/Target Support Files/Pods-Recepcion Mercancia/Pods-Recepcion Mercancia-frameworks.sh\"\n";
			showEnvVarsInLog = 0;
		};
/* End PBXShellScriptBuildPhase section */

/* Begin PBXSourcesBuildPhase section */
		FA78679020079CBA00BB4D12 /* Sources */ = {
			isa = PBXSourcesBuildPhase;
			buildActionMask = 2147483647;
			files = (
				FAAE9D5D201A856A00E11710 /* ArticleCell.swift in Sources */,
				FA3F7721200CE40E00A118F7 /* tools.swift in Sources */,
				FA78679A20079CBA00BB4D12 /* ViewController.swift in Sources */,
				FAAE9D592013E88A00E11710 /* TecladoController.swift in Sources */,
				FADDF6722010D6C800D046C8 /* ArticuloController.swift in Sources */,
				FAAE9D5B201A7F8900E11710 /* TotalizarController.swift in Sources */,
				FA78679820079CBA00BB4D12 /* AppDelegate.swift in Sources */,
				FA3F7723200D322400A118F7 /* EscogerProveedor.swift in Sources */,
			);
			runOnlyForDeploymentPostprocessing = 0;
		};
/* End PBXSourcesBuildPhase section */

/* Begin PBXVariantGroup section */
		FA78679B20079CBA00BB4D12 /* Main.storyboard */ = {
			isa = PBXVariantGroup;
			children = (
				FA78679C20079CBA00BB4D12 /* Base */,
			);
			name = Main.storyboard;
			sourceTree = "<group>";
		};
		FA7867A020079CBA00BB4D12 /* LaunchScreen.storyboard */ = {
			isa = PBXVariantGroup;
			children = (
				FA7867A120079CBA00BB4D12 /* Base */,
			);
			name = LaunchScreen.storyboard;
			sourceTree = "<group>";
		};
/* End PBXVariantGroup section */

/* Begin XCBuildConfiguration section */
		FA7867A420079CBA00BB4D12 /* Debug */ = {
			isa = XCBuildConfiguration;
			buildSettings = {
				ALWAYS_SEARCH_USER_PATHS = NO;
				CLANG_ANALYZER_NONNULL = YES;
				CLANG_CXX_LANGUAGE_STANDARD = "gnu++0x";
				CLANG_CXX_LIBRARY = "libc++";
				CLANG_ENABLE_MODULES = YES;
				CLANG_ENABLE_OBJC_ARC = YES;
				CLANG_WARN_BOOL_CONVERSION = YES;
				CLANG_WARN_CONSTANT_CONVERSION = YES;
				CLANG_WARN_DIRECT_OBJC_ISA_USAGE = YES_ERROR;
				CLANG_WARN_DOCUMENTATION_COMMENTS = YES;
				CLANG_WARN_EMPTY_BODY = YES;
				CLANG_WARN_ENUM_CONVERSION = YES;
				CLANG_WARN_INFINITE_RECURSION = YES;
				CLANG_WARN_INT_CONVERSION = YES;
				CLANG_WARN_OBJC_ROOT_CLASS = YES_ERROR;
				CLANG_WARN_SUSPICIOUS_MOVE = YES;
				CLANG_WARN_UNREACHABLE_CODE = YES;
				CLANG_WARN__DUPLICATE_METHOD_MATCH = YES;
				"CODE_SIGN_IDENTITY[sdk=iphoneos*]" = "iPhone Developer";
				COPY_PHASE_STRIP = NO;
				DEBUG_INFORMATION_FORMAT = dwarf;
				ENABLE_STRICT_OBJC_MSGSEND = YES;
				ENABLE_TESTABILITY = YES;
				GCC_C_LANGUAGE_STANDARD = gnu99;
				GCC_DYNAMIC_NO_PIC = NO;
				GCC_NO_COMMON_BLOCKS = YES;
				GCC_OPTIMIZATION_LEVEL = 0;
				GCC_PREPROCESSOR_DEFINITIONS = (
					"DEBUG=1",
					"$(inherited)",
				);
				GCC_WARN_64_TO_32_BIT_CONVERSION = YES;
				GCC_WARN_ABOUT_RETURN_TYPE = YES_ERROR;
				GCC_WARN_UNDECLARED_SELECTOR = YES;
				GCC_WARN_UNINITIALIZED_AUTOS = YES_AGGRESSIVE;
				GCC_WARN_UNUSED_FUNCTION = YES;
				GCC_WARN_UNUSED_VARIABLE = YES;
				IPHONEOS_DEPLOYMENT_TARGET = 10.2;
				MTL_ENABLE_DEBUG_INFO = YES;
				ONLY_ACTIVE_ARCH = YES;
				SDKROOT = iphoneos;
				SWIFT_ACTIVE_COMPILATION_CONDITIONS = DEBUG;
				SWIFT_OPTIMIZATION_LEVEL = "-Onone";
				TARGETED_DEVICE_FAMILY = "1,2";
			};
			name = Debug;
		};
		FA7867A520079CBA00BB4D12 /* Release */ = {
			isa = XCBuildConfiguration;
			buildSettings = {
				ALWAYS_SEARCH_USER_PATHS = NO;
				CLANG_ANALYZER_NONNULL = YES;
				CLANG_CXX_LANGUAGE_STANDARD = "gnu++0x";
				CLANG_CXX_LIBRARY = "libc++";
				CLANG_ENABLE_MODULES = YES;
				CLANG_ENABLE_OBJC_ARC = YES;
				CLANG_WARN_BOOL_CONVERSION = YES;
				CLANG_WARN_CONSTANT_CONVERSION = YES;
				CLANG_WARN_DIRECT_OBJC_ISA_USAGE = YES_ERROR;
				CLANG_WARN_DOCUMENTATION_COMMENTS = YES;
				CLANG_WARN_EMPTY_BODY = YES;
				CLANG_WARN_ENUM_CONVERSION = YES;
				CLANG_WARN_INFINITE_RECURSION = YES;
				CLANG_WARN_INT_CONVERSION = YES;
				CLANG_WARN_OBJC_ROOT_CLASS = YES_ERROR;
				CLANG_WARN_SUSPICIOUS_MOVE = YES;
				CLANG_WARN_UNREACHABLE_CODE = YES;
				CLANG_WARN__DUPLICATE_METHOD_MATCH = YES;
				"CODE_SIGN_IDENTITY[sdk=iphoneos*]" = "iPhone Developer";
				COPY_PHASE_STRIP = NO;
				DEBUG_INFORMATION_FORMAT = "dwarf-with-dsym";
				ENABLE_NS_ASSERTIONS = NO;
				ENABLE_STRICT_OBJC_MSGSEND = YES;
				GCC_C_LANGUAGE_STANDARD = gnu99;
				GCC_NO_COMMON_BLOCKS = YES;
				GCC_WARN_64_TO_32_BIT_CONVERSION = YES;
				GCC_WARN_ABOUT_RETURN_TYPE = YES_ERROR;
				GCC_WARN_UNDECLARED_SELECTOR = YES;
				GCC_WARN_UNINITIALIZED_AUTOS = YES_AGGRESSIVE;
				GCC_WARN_UNUSED_FUNCTION = YES;
				GCC_WARN_UNUSED_VARIABLE = YES;
				IPHONEOS_DEPLOYMENT_TARGET = 10.2;
				MTL_ENABLE_DEBUG_INFO = NO;
				SDKROOT = iphoneos;
				SWIFT_OPTIMIZATION_LEVEL = "-Owholemodule";
				TARGETED_DEVICE_FAMILY = "1,2";
				VALIDATE_PRODUCT = YES;
			};
			name = Release;
		};
		FA7867A720079CBA00BB4D12 /* Debug */ = {
			isa = XCBuildConfiguration;
			baseConfigurationReference = C6D8C7CFCCF490CA7106266C /* Pods-Recepcion Mercancia.debug.xcconfig */;
			buildSettings = {
				ASSETCATALOG_COMPILER_APPICON_NAME = AppIcon;
				"CODE_SIGN_IDENTITY[sdk=iphoneos*]" = "iPhone Developer";
				DEVELOPMENT_TEAM = 3FWNGW7RR4;
				FRAMEWORK_SEARCH_PATHS = (
					"$(inherited)",
					"$(PROJECT_DIR)/build/Debug-iphoneos/BarcodeScanner",
				);
				INFOPLIST_FILE = "Recepcion Mercancia/Info.plist";
				IPHONEOS_DEPLOYMENT_TARGET = 9.3;
				LD_RUNPATH_SEARCH_PATHS = "$(inherited) @executable_path/Frameworks";
				PRODUCT_BUNDLE_IDENTIFIER = "com.paseo78.Recepcion-Mercancia";
				PRODUCT_NAME = "$(TARGET_NAME)";
				SWIFT_VERSION = 3.0;
			};
			name = Debug;
		};
		FA7867A820079CBA00BB4D12 /* Release */ = {
			isa = XCBuildConfiguration;
			baseConfigurationReference = 9C0A0631D552C166D30CA10E /* Pods-Recepcion Mercancia.release.xcconfig */;
			buildSettings = {
				ASSETCATALOG_COMPILER_APPICON_NAME = AppIcon;
				"CODE_SIGN_IDENTITY[sdk=iphoneos*]" = "iPhone Developer";
				DEVELOPMENT_TEAM = 3FWNGW7RR4;
				FRAMEWORK_SEARCH_PATHS = (
					"$(inherited)",
					"$(PROJECT_DIR)/build/Debug-iphoneos/BarcodeScanner",
				);
				INFOPLIST_FILE = "Recepcion Mercancia/Info.plist";
				IPHONEOS_DEPLOYMENT_TARGET = 9.3;
				LD_RUNPATH_SEARCH_PATHS = "$(inherited) @executable_path/Frameworks";
				PRODUCT_BUNDLE_IDENTIFIER = "com.paseo78.Recepcion-Mercancia";
				PRODUCT_NAME = "$(TARGET_NAME)";
				SWIFT_VERSION = 3.0;
			};
			name = Release;
		};
/* End XCBuildConfiguration section */

/* Begin XCConfigurationList section */
		FA78678F20079CBA00BB4D12 /* Build configuration list for PBXProject "Recepcion Mercancia" */ = {
			isa = XCConfigurationList;
			buildConfigurations = (
				FA7867A420079CBA00BB4D12 /* Debug */,
				FA7867A520079CBA00BB4D12 /* Release */,
			);
			defaultConfigurationIsVisible = 0;
			defaultConfigurationName = Release;
		};
		FA7867A620079CBA00BB4D12 /* Build configuration list for PBXNativeTarget "Recepcion Mercancia" */ = {
			isa = XCConfigurationList;
			buildConfigurations = (
				FA7867A720079CBA00BB4D12 /* Debug */,
				FA7867A820079CBA00BB4D12 /* Release */,
			);
			defaultConfigurationIsVisible = 0;
			defaultConfigurationName = Release;
		};
/* End XCConfigurationList section */
	};
	rootObject = FA78678C20079CBA00BB4D12 /* Project object */;
}
